
Microsoft Visual Studio Solution File, Format Version 12.00
# Visual Studio Version 17
VisualStudioVersion = 17.2.32616.157
MinimumVisualStudioVersion = 10.0.40219.1
Project("{FAE04EC0-301F-11D3-BF4B-00C04F79EFBC}") = "HelloWorld", "HelloWorld\HelloWorld.csproj", "{5F1D2DCF-9173-4880-A44D-368FD252627E}"
EndProject
Global
	GlobalSection(SolutionConfigurationPlatforms) = preSolution
		Debug|Any CPU = Debug|Any CPU
		Release|Any CPU = Release|Any CPU
	EndGlobalSection
	GlobalSection(ProjectConfigurationPlatforms) = postSolution
		{5F1D2DCF-9173-4880-A44D-368FD252627E}.Debug|Any CPU.ActiveCfg = Debug|Any CPU
		{5F1D2DCF-9173-4880-A44D-368FD252627E}.Debug|Any CPU.Build.0 = Debug|Any CPU
		{5F1D2DCF-9173-4880-A44D-368FD252627E}.Release|Any CPU.ActiveCfg = Release|Any CPU
		{5F1D2DCF-9173-4880-A44D-368FD252627E}.Release|Any CPU.Build.0 = Release|Any CPU
	EndGlobalSection
	GlobalSection(SolutionProperties) = preSolution
		HideSolutionNode = FALSE
	EndGlobalSection
	GlobalSection(ExtensibilityGlobals) = postSolution
		SolutionGuid = {F07B34AA-88D8-44CE-8CED-FA3325F9C540}
	EndGlobalSection
EndGlobal
