
Microsoft Visual Studio Solution File, Format Version 12.00
# Visual Studio Version 17
VisualStudioVersion = 17.2.32616.157
MinimumVisualStudioVersion = 10.0.40219.1
Project("{FAE04EC0-301F-11D3-BF4B-00C04F79EFBC}") = "06-object-oriented", "06-object-oriented\06-object-oriented.csproj", "{AE1F994C-0690-4926-9F9E-C4C7D00A6EE2}"
EndProject
Global
	GlobalSection(SolutionConfigurationPlatforms) = preSolution
		Debug|Any CPU = Debug|Any CPU
		Release|Any CPU = Release|Any CPU
	EndGlobalSection
	GlobalSection(ProjectConfigurationPlatforms) = postSolution
		{AE1F994C-0690-4926-9F9E-C4C7D00A6EE2}.Debug|Any CPU.ActiveCfg = Debug|Any CPU
		{AE1F994C-0690-4926-9F9E-C4C7D00A6EE2}.Debug|Any CPU.Build.0 = Debug|Any CPU
		{AE1F994C-0690-4926-9F9E-C4C7D00A6EE2}.Release|Any CPU.ActiveCfg = Release|Any CPU
		{AE1F994C-0690-4926-9F9E-C4C7D00A6EE2}.Release|Any CPU.Build.0 = Release|Any CPU
	EndGlobalSection
	GlobalSection(SolutionProperties) = preSolution
		HideSolutionNode = FALSE
	EndGlobalSection
	GlobalSection(ExtensibilityGlobals) = postSolution
		SolutionGuid = {E39F1825-071D-4CC0-9B27-8B412DE7FFB5}
	EndGlobalSection
EndGlobal
