
Microsoft Visual Studio Solution File, Format Version 12.00
# Visual Studio Version 17
VisualStudioVersion = 17.2.32616.157
MinimumVisualStudioVersion = 10.0.40219.1
Project("{FAE04EC0-301F-11D3-BF4B-00C04F79EFBC}") = "13-learn-wpf-04", "13-learn-wpf-04\13-learn-wpf-04.csproj", "{A503EDE1-BA29-4B54-B061-6EC3ED813DA6}"
EndProject
Global
	GlobalSection(SolutionConfigurationPlatforms) = preSolution
		Debug|Any CPU = Debug|Any CPU
		Release|Any CPU = Release|Any CPU
	EndGlobalSection
	GlobalSection(ProjectConfigurationPlatforms) = postSolution
		{A503EDE1-BA29-4B54-B061-6EC3ED813DA6}.Debug|Any CPU.ActiveCfg = Debug|Any CPU
		{A503EDE1-BA29-4B54-B061-6EC3ED813DA6}.Debug|Any CPU.Build.0 = Debug|Any CPU
		{A503EDE1-BA29-4B54-B061-6EC3ED813DA6}.Release|Any CPU.ActiveCfg = Release|Any CPU
		{A503EDE1-BA29-4B54-B061-6EC3ED813DA6}.Release|Any CPU.Build.0 = Release|Any CPU
	EndGlobalSection
	GlobalSection(SolutionProperties) = preSolution
		HideSolutionNode = FALSE
	EndGlobalSection
	GlobalSection(ExtensibilityGlobals) = postSolution
		SolutionGuid = {B54FDC32-926A-46B7-8A6A-EC0A6C347D6D}
	EndGlobalSection
EndGlobal
