
Microsoft Visual Studio Solution File, Format Version 12.00
# Visual Studio Version 17
VisualStudioVersion = 17.2.32616.157
MinimumVisualStudioVersion = 10.0.40219.1
Project("{FAE04EC0-301F-11D3-BF4B-00C04F79EFBC}") = "13-learn-wpf-01", "13-learn-wpf-01\13-learn-wpf-01.csproj", "{3E83E44C-D312-4022-8831-67060D6ACC90}"
EndProject
Global
	GlobalSection(SolutionConfigurationPlatforms) = preSolution
		Debug|Any CPU = Debug|Any CPU
		Release|Any CPU = Release|Any CPU
	EndGlobalSection
	GlobalSection(ProjectConfigurationPlatforms) = postSolution
		{3E83E44C-D312-4022-8831-67060D6ACC90}.Debug|Any CPU.ActiveCfg = Debug|Any CPU
		{3E83E44C-D312-4022-8831-67060D6ACC90}.Debug|Any CPU.Build.0 = Debug|Any CPU
		{3E83E44C-D312-4022-8831-67060D6ACC90}.Release|Any CPU.ActiveCfg = Release|Any CPU
		{3E83E44C-D312-4022-8831-67060D6ACC90}.Release|Any CPU.Build.0 = Release|Any CPU
	EndGlobalSection
	GlobalSection(SolutionProperties) = preSolution
		HideSolutionNode = FALSE
	EndGlobalSection
	GlobalSection(ExtensibilityGlobals) = postSolution
		SolutionGuid = {EA81B8EA-B423-4F7A-9EEF-024EAD67A9AA}
	EndGlobalSection
EndGlobal
